
Microsoft Visual Studio Solution File, Format Version 12.00
# Visual Studio Version 17
VisualStudioVersion = 17.8.34511.84
MinimumVisualStudioVersion = 10.0.40219.1
Project("{FAE04EC0-301F-11D3-BF4B-00C04F79EFBC}") = "lab sheet 01) question 02", "lab sheet 01) question 02\lab sheet 01) question 02.csproj", "{8AA6B7E7-1B16-4429-B882-A15DF2213D20}"
EndProject
Global
	GlobalSection(SolutionConfigurationPlatforms) = preSolution
		Debug|Any CPU = Debug|Any CPU
		Release|Any CPU = Release|Any CPU
	EndGlobalSection
	GlobalSection(ProjectConfigurationPlatforms) = postSolution
		{8AA6B7E7-1B16-4429-B882-A15DF2213D20}.Debug|Any CPU.ActiveCfg = Debug|Any CPU
		{8AA6B7E7-1B16-4429-B882-A15DF2213D20}.Debug|Any CPU.Build.0 = Debug|Any CPU
		{8AA6B7E7-1B16-4429-B882-A15DF2213D20}.Release|Any CPU.ActiveCfg = Release|Any CPU
		{8AA6B7E7-1B16-4429-B882-A15DF2213D20}.Release|Any CPU.Build.0 = Release|Any CPU
	EndGlobalSection
	GlobalSection(SolutionProperties) = preSolution
		HideSolutionNode = FALSE
	EndGlobalSection
	GlobalSection(ExtensibilityGlobals) = postSolution
		SolutionGuid = {EF1417D0-A316-4D31-9A3A-57570F39B528}
	EndGlobalSection
EndGlobal
