
Microsoft Visual Studio Solution File, Format Version 12.00
# Visual Studio Version 17
VisualStudioVersion = 17.8.34511.84
MinimumVisualStudioVersion = 10.0.40219.1
Project("{FAE04EC0-301F-11D3-BF4B-00C04F79EFBC}") = "lab sheet 01) question 04", "lab sheet 01) question 04\lab sheet 01) question 04.csproj", "{307A6F2A-E92B-4D32-8555-B8192D9F858E}"
EndProject
Global
	GlobalSection(SolutionConfigurationPlatforms) = preSolution
		Debug|Any CPU = Debug|Any CPU
		Release|Any CPU = Release|Any CPU
	EndGlobalSection
	GlobalSection(ProjectConfigurationPlatforms) = postSolution
		{307A6F2A-E92B-4D32-8555-B8192D9F858E}.Debug|Any CPU.ActiveCfg = Debug|Any CPU
		{307A6F2A-E92B-4D32-8555-B8192D9F858E}.Debug|Any CPU.Build.0 = Debug|Any CPU
		{307A6F2A-E92B-4D32-8555-B8192D9F858E}.Release|Any CPU.ActiveCfg = Release|Any CPU
		{307A6F2A-E92B-4D32-8555-B8192D9F858E}.Release|Any CPU.Build.0 = Release|Any CPU
	EndGlobalSection
	GlobalSection(SolutionProperties) = preSolution
		HideSolutionNode = FALSE
	EndGlobalSection
	GlobalSection(ExtensibilityGlobals) = postSolution
		SolutionGuid = {83395750-04F6-4F8E-8665-E8C0D6EB6865}
	EndGlobalSection
EndGlobal
